{
  "originHash" : "f4259d698bd2a4bf6e5cb962584725aa468558ac60d9ae5d972c11d206738acf",
  "pins" : [
    {
      "identity" : "jjliso8601dateformatter",
      "kind" : "remoteSourceControl",
      "location" : "https://github.com/michaeleisel/JJLISO8601DateFormatter.git",
      "state" : {
        "revision" : "50d5ea26ffd3f82e3db8516d939d80b745e168cf",
        "version" : "0.2.0"
      }
    },
    {
      "identity" : "yyjson",
      "kind" : "remoteSourceControl",
      "location" : "https://github.com/ibireme/yyjson.git",
      "state" : {
        "revision" : "6447536015f3d600f3d65323b10976103b337ca7",
        "version" : "0.13.0"
      }
    }
  ],
  "version" : 3
}
